// !$*UTF8*$!
{
	archiveVersion = 1;
	classes = {
	};
	objectVersion = 50;
	objects = {

/* Begin PBXBuildFile section */
		011B5FB7D09A1487C64162D5 /* Pods_firebase_login_sampleTests.framework in Frameworks */ = {isa = PBXBuildFile; fileRef = B735469C50775BF010C30FAE /* Pods_firebase_login_sampleTests.framework */; };
		4033C91524BAE27C000FB960 /* AppDelegate.swift in Sources */ = {isa = PBXBuildFile; fileRef = 4033C91424BAE27C000FB960 /* AppDelegate.swift */; };
		4033C91724BAE27C000FB960 /* SceneDelegate.swift in Sources */ = {isa = PBXBuildFile; fileRef = 4033C91624BAE27C000FB960 /* SceneDelegate.swift */; };
		4033C91E24BAE27D000FB960 /* Assets.xcassets in Resources */ = {isa = PBXBuildFile; fileRef = 4033C91D24BAE27D000FB960 /* Assets.xcassets */; };
		4033C92124BAE27D000FB960 /* LaunchScreen.storyboard in Resources */ = {isa = PBXBuildFile; fileRef = 4033C91F24BAE27D000FB960 /* LaunchScreen.storyboard */; };
		4033C92C24BAE27D000FB960 /* firebase_login_sampleTests.swift in Sources */ = {isa = PBXBuildFile; fileRef = 4033C92B24BAE27D000FB960 /* firebase_login_sampleTests.swift */; };
		4078556224CD5F5F00D04DB0 /* GoogleService-Info.plist in Resources */ = {isa = PBXBuildFile; fileRef = 4078556124CD5F5F00D04DB0 /* GoogleService-Info.plist */; };
		40FBB8A524BAE39200D43BC6 /* HomeViewController.swift in Sources */ = {isa = PBXBuildFile; fileRef = 40FBB8A424BAE39200D43BC6 /* HomeViewController.swift */; };
		40FBB8A724BAE3AC00D43BC6 /* SignUpViewController.swift in Sources */ = {isa = PBXBuildFile; fileRef = 40FBB8A624BAE3AC00D43BC6 /* SignUpViewController.swift */; };
		40FBB8A924BAE3BB00D43BC6 /* LoginViewController.swift in Sources */ = {isa = PBXBuildFile; fileRef = 40FBB8A824BAE3BB00D43BC6 /* LoginViewController.swift */; };
		40FBB8AB24BAE6AB00D43BC6 /* ResetPasswordViewController.swift in Sources */ = {isa = PBXBuildFile; fileRef = 40FBB8AA24BAE6AB00D43BC6 /* ResetPasswordViewController.swift */; };
		40FBB8AD24BAE77B00D43BC6 /* Home.storyboard in Resources */ = {isa = PBXBuildFile; fileRef = 40FBB8AC24BAE77B00D43BC6 /* Home.storyboard */; };
		40FBB8B124BAE81000D43BC6 /* Login.storyboard in Resources */ = {isa = PBXBuildFile; fileRef = 40FBB8B024BAE81000D43BC6 /* Login.storyboard */; };
		587695E4AB49FD9F99CD8AEC /* Pods_firebase_login_sample.framework in Frameworks */ = {isa = PBXBuildFile; fileRef = F096F88C2D2DABEA9A6E5C28 /* Pods_firebase_login_sample.framework */; };
/* End PBXBuildFile section */

/* Begin PBXContainerItemProxy section */
		4033C92824BAE27D000FB960 /* PBXContainerItemProxy */ = {
			isa = PBXContainerItemProxy;
			containerPortal = 4033C90924BAE27C000FB960 /* Project object */;
			proxyType = 1;
			remoteGlobalIDString = 4033C91024BAE27C000FB960;
			remoteInfo = firebase_login_sample;
		};
/* End PBXContainerItemProxy section */

/* Begin PBXFileReference section */
		4033C91124BAE27C000FB960 /* firebase_login_sample.app */ = {isa = PBXFileReference; explicitFileType = wrapper.application; includeInIndex = 0; path = firebase_login_sample.app; sourceTree = BUILT_PRODUCTS_DIR; };
		4033C91424BAE27C000FB960 /* AppDelegate.swift */ = {isa = PBXFileReference; lastKnownFileType = sourcecode.swift; path = AppDelegate.swift; sourceTree = "<group>"; };
		4033C91624BAE27C000FB960 /* SceneDelegate.swift */ = {isa = PBXFileReference; lastKnownFileType = sourcecode.swift; path = SceneDelegate.swift; sourceTree = "<group>"; };
		4033C91D24BAE27D000FB960 /* Assets.xcassets */ = {isa = PBXFileReference; lastKnownFileType = folder.assetcatalog; path = Assets.xcassets; sourceTree = "<group>"; };
		4033C92024BAE27D000FB960 /* Base */ = {isa = PBXFileReference; lastKnownFileType = file.storyboard; name = Base; path = Base.lproj/LaunchScreen.storyboard; sourceTree = "<group>"; };
		4033C92224BAE27D000FB960 /* Info.plist */ = {isa = PBXFileReference; lastKnownFileType = text.plist.xml; path = Info.plist; sourceTree = "<group>"; };
		4033C92724BAE27D000FB960 /* firebase_login_sampleTests.xctest */ = {isa = PBXFileReference; explicitFileType = wrapper.cfbundle; includeInIndex = 0; path = firebase_login_sampleTests.xctest; sourceTree = BUILT_PRODUCTS_DIR; };
		4033C92B24BAE27D000FB960 /* firebase_login_sampleTests.swift */ = {isa = PBXFileReference; lastKnownFileType = sourcecode.swift; path = firebase_login_sampleTests.swift; sourceTree = "<group>"; };
		4033C92D24BAE27D000FB960 /* Info.plist */ = {isa = PBXFileReference; lastKnownFileType = text.plist.xml; path = Info.plist; sourceTree = "<group>"; };
		4078556124CD5F5F00D04DB0 /* GoogleService-Info.plist */ = {isa = PBXFileReference; fileEncoding = 4; lastKnownFileType = text.plist.xml; path = "GoogleService-Info.plist"; sourceTree = "<group>"; };
		40FBB8A424BAE39200D43BC6 /* HomeViewController.swift */ = {isa = PBXFileReference; fileEncoding = 4; lastKnownFileType = sourcecode.swift; path = HomeViewController.swift; sourceTree = "<group>"; };
		40FBB8A624BAE3AC00D43BC6 /* SignUpViewController.swift */ = {isa = PBXFileReference; lastKnownFileType = sourcecode.swift; path = SignUpViewController.swift; sourceTree = "<group>"; };
		40FBB8A824BAE3BB00D43BC6 /* LoginViewController.swift */ = {isa = PBXFileReference; lastKnownFileType = sourcecode.swift; path = LoginViewController.swift; sourceTree = "<group>"; };
		40FBB8AA24BAE6AB00D43BC6 /* ResetPasswordViewController.swift */ = {isa = PBXFileReference; lastKnownFileType = sourcecode.swift; path = ResetPasswordViewController.swift; sourceTree = "<group>"; };
		40FBB8AC24BAE77B00D43BC6 /* Home.storyboard */ = {isa = PBXFileReference; lastKnownFileType = file.storyboard; path = Home.storyboard; sourceTree = "<group>"; };
		40FBB8B024BAE81000D43BC6 /* Login.storyboard */ = {isa = PBXFileReference; lastKnownFileType = file.storyboard; path = Login.storyboard; sourceTree = "<group>"; };
		ABFB3ECCD3FBF557ECD6EE60 /* Pods-firebase_login_sampleTests.debug.xcconfig */ = {isa = PBXFileReference; includeInIndex = 1; lastKnownFileType = text.xcconfig; name = "Pods-firebase_login_sampleTests.debug.xcconfig"; path = "Pods/Target Support Files/Pods-firebase_login_sampleTests/Pods-firebase_login_sampleTests.debug.xcconfig"; sourceTree = "<group>"; };
		B2C9FBDC4B34ACE397BD64F8 /* Pods-firebase_login_sample.debug.xcconfig */ = {isa = PBXFileReference; includeInIndex = 1; lastKnownFileType = text.xcconfig; name = "Pods-firebase_login_sample.debug.xcconfig"; path = "Pods/Target Support Files/Pods-firebase_login_sample/Pods-firebase_login_sample.debug.xcconfig"; sourceTree = "<group>"; };
		B735469C50775BF010C30FAE /* Pods_firebase_login_sampleTests.framework */ = {isa = PBXFileReference; explicitFileType = wrapper.framework; includeInIndex = 0; path = Pods_firebase_login_sampleTests.framework; sourceTree = BUILT_PRODUCTS_DIR; };
		EDF4DCB58C603BA9B21BE5EF /* Pods-firebase_login_sampleTests.release.xcconfig */ = {isa = PBXFileReference; includeInIndex = 1; lastKnownFileType = text.xcconfig; name = "Pods-firebase_login_sampleTests.release.xcconfig"; path = "Pods/Target Support Files/Pods-firebase_login_sampleTests/Pods-firebase_login_sampleTests.release.xcconfig"; sourceTree = "<group>"; };
		EF79C01187C6963F9E079939 /* Pods-firebase_login_sample.release.xcconfig */ = {isa = PBXFileReference; includeInIndex = 1; lastKnownFileType = text.xcconfig; name = "Pods-firebase_login_sample.release.xcconfig"; path = "Pods/Target Support Files/Pods-firebase_login_sample/Pods-firebase_login_sample.release.xcconfig"; sourceTree = "<group>"; };
		F096F88C2D2DABEA9A6E5C28 /* Pods_firebase_login_sample.framework */ = {isa = PBXFileReference; explicitFileType = wrapper.framework; includeInIndex = 0; path = Pods_firebase_login_sample.framework; sourceTree = BUILT_PRODUCTS_DIR; };
/* End PBXFileReference section */

/* Begin PBXFrameworksBuildPhase section */
		4033C90E24BAE27C000FB960 /* Frameworks */ = {
			isa = PBXFrameworksBuildPhase;
			buildActionMask = 2147483647;
			files = (
				587695E4AB49FD9F99CD8AEC /* Pods_firebase_login_sample.framework in Frameworks */,
			);
			runOnlyForDeploymentPostprocessing = 0;
		};
		4033C92424BAE27D000FB960 /* Frameworks */ = {
			isa = PBXFrameworksBuildPhase;
			buildActionMask = 2147483647;
			files = (
				011B5FB7D09A1487C64162D5 /* Pods_firebase_login_sampleTests.framework in Frameworks */,
			);
			runOnlyForDeploymentPostprocessing = 0;
		};
/* End PBXFrameworksBuildPhase section */

/* Begin PBXGroup section */
		4033C90824BAE27C000FB960 = {
			isa = PBXGroup;
			children = (
				4033C91324BAE27C000FB960 /* firebase_login_sample */,
				4033C92A24BAE27D000FB960 /* firebase_login_sampleTests */,
				4033C91224BAE27C000FB960 /* Products */,
				DD5070644CD9E49B31914350 /* Pods */,
				BE4575EA6FB8ED2CB3BEBC49 /* Frameworks */,
			);
			sourceTree = "<group>";
		};
		4033C91224BAE27C000FB960 /* Products */ = {
			isa = PBXGroup;
			children = (
				4033C91124BAE27C000FB960 /* firebase_login_sample.app */,
				4033C92724BAE27D000FB960 /* firebase_login_sampleTests.xctest */,
			);
			name = Products;
			sourceTree = "<group>";
		};
		4033C91324BAE27C000FB960 /* firebase_login_sample */ = {
			isa = PBXGroup;
			children = (
				40FBB8AF24BAE7E300D43BC6 /* Home */,
				40FBB8AE24BAE7BE00D43BC6 /* Login */,
				4033C91424BAE27C000FB960 /* AppDelegate.swift */,
				4033C91624BAE27C000FB960 /* SceneDelegate.swift */,
				4033C91D24BAE27D000FB960 /* Assets.xcassets */,
				4033C91F24BAE27D000FB960 /* LaunchScreen.storyboard */,
				4078556124CD5F5F00D04DB0 /* GoogleService-Info.plist */,
				4033C92224BAE27D000FB960 /* Info.plist */,
			);
			path = firebase_login_sample;
			sourceTree = "<group>";
		};
		4033C92A24BAE27D000FB960 /* firebase_login_sampleTests */ = {
			isa = PBXGroup;
			children = (
				4033C92B24BAE27D000FB960 /* firebase_login_sampleTests.swift */,
				4033C92D24BAE27D000FB960 /* Info.plist */,
			);
			path = firebase_login_sampleTests;
			sourceTree = "<group>";
		};
		40FBB8AE24BAE7BE00D43BC6 /* Login */ = {
			isa = PBXGroup;
			children = (
				40FBB8A624BAE3AC00D43BC6 /* SignUpViewController.swift */,
				40FBB8A824BAE3BB00D43BC6 /* LoginViewController.swift */,
				40FBB8AA24BAE6AB00D43BC6 /* ResetPasswordViewController.swift */,
				40FBB8B024BAE81000D43BC6 /* Login.storyboard */,
			);
			path = Login;
			sourceTree = "<group>";
		};
		40FBB8AF24BAE7E300D43BC6 /* Home */ = {
			isa = PBXGroup;
			children = (
				40FBB8A424BAE39200D43BC6 /* HomeViewController.swift */,
				40FBB8AC24BAE77B00D43BC6 /* Home.storyboard */,
			);
			path = Home;
			sourceTree = "<group>";
		};
		BE4575EA6FB8ED2CB3BEBC49 /* Frameworks */ = {
			isa = PBXGroup;
			children = (
				F096F88C2D2DABEA9A6E5C28 /* Pods_firebase_login_sample.framework */,
				B735469C50775BF010C30FAE /* Pods_firebase_login_sampleTests.framework */,
			);
			name = Frameworks;
			sourceTree = "<group>";
		};
		DD5070644CD9E49B31914350 /* Pods */ = {
			isa = PBXGroup;
			children = (
				B2C9FBDC4B34ACE397BD64F8 /* Pods-firebase_login_sample.debug.xcconfig */,
				EF79C01187C6963F9E079939 /* Pods-firebase_login_sample.release.xcconfig */,
				ABFB3ECCD3FBF557ECD6EE60 /* Pods-firebase_login_sampleTests.debug.xcconfig */,
				EDF4DCB58C603BA9B21BE5EF /* Pods-firebase_login_sampleTests.release.xcconfig */,
			);
			name = Pods;
			sourceTree = "<group>";
		};
/* End PBXGroup section */

/* Begin PBXNativeTarget section */
		4033C91024BAE27C000FB960 /* firebase_login_sample */ = {
			isa = PBXNativeTarget;
			buildConfigurationList = 4033C93024BAE27D000FB960 /* Build configuration list for PBXNativeTarget "firebase_login_sample" */;
			buildPhases = (
				EF5A8338F8DB2831E6C79FB4 /* [CP] Check Pods Manifest.lock */,
				4033C90D24BAE27C000FB960 /* Sources */,
				4033C90E24BAE27C000FB960 /* Frameworks */,
				4033C90F24BAE27C000FB960 /* Resources */,
				34A23C9278FE351F614749C4 /* [CP] Embed Pods Frameworks */,
			);
			buildRules = (
			);
			dependencies = (
			);
			name = firebase_login_sample;
			productName = firebase_login_sample;
			productReference = 4033C91124BAE27C000FB960 /* firebase_login_sample.app */;
			productType = "com.apple.product-type.application";
		};
		4033C92624BAE27D000FB960 /* firebase_login_sampleTests */ = {
			isa = PBXNativeTarget;
			buildConfigurationList = 4033C93324BAE27D000FB960 /* Build configuration list for PBXNativeTarget "firebase_login_sampleTests" */;
			buildPhases = (
				43FDB8D59B69FFB437D8A307 /* [CP] Check Pods Manifest.lock */,
				4033C92324BAE27D000FB960 /* Sources */,
				4033C92424BAE27D000FB960 /* Frameworks */,
				4033C92524BAE27D000FB960 /* Resources */,
			);
			buildRules = (
			);
			dependencies = (
				4033C92924BAE27D000FB960 /* PBXTargetDependency */,
			);
			name = firebase_login_sampleTests;
			productName = firebase_login_sampleTests;
			productReference = 4033C92724BAE27D000FB960 /* firebase_login_sampleTests.xctest */;
			productType = "com.apple.product-type.bundle.unit-test";
		};
/* End PBXNativeTarget section */

/* Begin PBXProject section */
		4033C90924BAE27C000FB960 /* Project object */ = {
			isa = PBXProject;
			attributes = {
				LastSwiftUpdateCheck = 1150;
				LastUpgradeCheck = 1150;
				ORGANIZATIONNAME = "archive-asia";
				TargetAttributes = {
					4033C91024BAE27C000FB960 = {
						CreatedOnToolsVersion = 11.5;
					};
					4033C92624BAE27D000FB960 = {
						CreatedOnToolsVersion = 11.5;
						TestTargetID = 4033C91024BAE27C000FB960;
					};
				};
			};
			buildConfigurationList = 4033C90C24BAE27C000FB960 /* Build configuration list for PBXProject "firebase_login_sample" */;
			compatibilityVersion = "Xcode 9.3";
			developmentRegion = en;
			hasScannedForEncodings = 0;
			knownRegions = (
				en,
				Base,
			);
			mainGroup = 4033C90824BAE27C000FB960;
			productRefGroup = 4033C91224BAE27C000FB960 /* Products */;
			projectDirPath = "";
			projectRoot = "";
			targets = (
				4033C91024BAE27C000FB960 /* firebase_login_sample */,
				4033C92624BAE27D000FB960 /* firebase_login_sampleTests */,
			);
		};
/* End PBXProject section */

/* Begin PBXResourcesBuildPhase section */
		4033C90F24BAE27C000FB960 /* Resources */ = {
			isa = PBXResourcesBuildPhase;
			buildActionMask = 2147483647;
			files = (
				40FBB8B124BAE81000D43BC6 /* Login.storyboard in Resources */,
				4033C92124BAE27D000FB960 /* LaunchScreen.storyboard in Resources */,
				4078556224CD5F5F00D04DB0 /* GoogleService-Info.plist in Resources */,
				4033C91E24BAE27D000FB960 /* Assets.xcassets in Resources */,
				40FBB8AD24BAE77B00D43BC6 /* Home.storyboard in Resources */,
			);
			runOnlyForDeploymentPostprocessing = 0;
		};
		4033C92524BAE27D000FB960 /* Resources */ = {
			isa = PBXResourcesBuildPhase;
			buildActionMask = 2147483647;
			files = (
			);
			runOnlyForDeploymentPostprocessing = 0;
		};
/* End PBXResourcesBuildPhase section */

/* Begin PBXShellScriptBuildPhase section */
		34A23C9278FE351F614749C4 /* [CP] Embed Pods Frameworks */ = {
			isa = PBXShellScriptBuildPhase;
			buildActionMask = 2147483647;
			files = (
			);
			inputFileListPaths = (
			);
			inputPaths = (
				"${SRCROOT}/Pods/Target Support Files/Pods-firebase_login_sample/Pods-firebase_login_sample-frameworks.sh",
				"${BUILT_PRODUCTS_DIR}/BoringSSL-GRPC/openssl_grpc.framework",
				"${BUILT_PRODUCTS_DIR}/GTMSessionFetcher/GTMSessionFetcher.framework",
				"${BUILT_PRODUCTS_DIR}/GoogleUtilities/GoogleUtilities.framework",
				"${BUILT_PRODUCTS_DIR}/PromisesObjC/FBLPromises.framework",
				"${BUILT_PRODUCTS_DIR}/abseil/absl.framework",
				"${BUILT_PRODUCTS_DIR}/gRPC-C++/grpcpp.framework",
				"${BUILT_PRODUCTS_DIR}/gRPC-Core/grpc.framework",
				"${BUILT_PRODUCTS_DIR}/leveldb-library/leveldb.framework",
				"${BUILT_PRODUCTS_DIR}/nanopb/nanopb.framework",
			);
			name = "[CP] Embed Pods Frameworks";
			outputFileListPaths = (
			);
			outputPaths = (
				"${TARGET_BUILD_DIR}/${FRAMEWORKS_FOLDER_PATH}/openssl_grpc.framework",
				"${TARGET_BUILD_DIR}/${FRAMEWORKS_FOLDER_PATH}/GTMSessionFetcher.framework",
				"${TARGET_BUILD_DIR}/${FRAMEWORKS_FOLDER_PATH}/GoogleUtilities.framework",
				"${TARGET_BUILD_DIR}/${FRAMEWORKS_FOLDER_PATH}/FBLPromises.framework",
				"${TARGET_BUILD_DIR}/${FRAMEWORKS_FOLDER_PATH}/absl.framework",
				"${TARGET_BUILD_DIR}/${FRAMEWORKS_FOLDER_PATH}/grpcpp.framework",
				"${TARGET_BUILD_DIR}/${FRAMEWORKS_FOLDER_PATH}/grpc.framework",
				"${TARGET_BUILD_DIR}/${FRAMEWORKS_FOLDER_PATH}/leveldb.framework",
				"${TARGET_BUILD_DIR}/${FRAMEWORKS_FOLDER_PATH}/nanopb.framework",
			);
			runOnlyForDeploymentPostprocessing = 0;
			shellPath = /bin/sh;
			shellScript = "\"${SRCROOT}/Pods/Target Support Files/Pods-firebase_login_sample/Pods-firebase_login_sample-frameworks.sh\"\n";
			showEnvVarsInLog = 0;
		};
		43FDB8D59B69FFB437D8A307 /* [CP] Check Pods Manifest.lock */ = {
			isa = PBXShellScriptBuildPhase;
			buildActionMask = 2147483647;
			files = (
			);
			inputFileListPaths = (
			);
			inputPaths = (
				"${PODS_PODFILE_DIR_PATH}/Podfile.lock",
				"${PODS_ROOT}/Manifest.lock",
			);
			name = "[CP] Check Pods Manifest.lock";
			outputFileListPaths = (
			);
			outputPaths = (
				"$(DERIVED_FILE_DIR)/Pods-firebase_login_sampleTests-checkManifestLockResult.txt",
			);
			runOnlyForDeploymentPostprocessing = 0;
			shellPath = /bin/sh;
			shellScript = "diff \"${PODS_PODFILE_DIR_PATH}/Podfile.lock\" \"${PODS_ROOT}/Manifest.lock\" > /dev/null\nif [ $? != 0 ] ; then\n    # print error to STDERR\n    echo \"error: The sandbox is not in sync with the Podfile.lock. Run 'pod install' or update your CocoaPods installation.\" >&2\n    exit 1\nfi\n# This output is used by Xcode 'outputs' to avoid re-running this script phase.\necho \"SUCCESS\" > \"${SCRIPT_OUTPUT_FILE_0}\"\n";
			showEnvVarsInLog = 0;
		};
		EF5A8338F8DB2831E6C79FB4 /* [CP] Check Pods Manifest.lock */ = {
			isa = PBXShellScriptBuildPhase;
			buildActionMask = 2147483647;
			files = (
			);
			inputFileListPaths = (
			);
			inputPaths = (
				"${PODS_PODFILE_DIR_PATH}/Podfile.lock",
				"${PODS_ROOT}/Manifest.lock",
			);
			name = "[CP] Check Pods Manifest.lock";
			outputFileListPaths = (
			);
			outputPaths = (
				"$(DERIVED_FILE_DIR)/Pods-firebase_login_sample-checkManifestLockResult.txt",
			);
			runOnlyForDeploymentPostprocessing = 0;
			shellPath = /bin/sh;
			shellScript = "diff \"${PODS_PODFILE_DIR_PATH}/Podfile.lock\" \"${PODS_ROOT}/Manifest.lock\" > /dev/null\nif [ $? != 0 ] ; then\n    # print error to STDERR\n    echo \"error: The sandbox is not in sync with the Podfile.lock. Run 'pod install' or update your CocoaPods installation.\" >&2\n    exit 1\nfi\n# This output is used by Xcode 'outputs' to avoid re-running this script phase.\necho \"SUCCESS\" > \"${SCRIPT_OUTPUT_FILE_0}\"\n";
			showEnvVarsInLog = 0;
		};
/* End PBXShellScriptBuildPhase section */

/* Begin PBXSourcesBuildPhase section */
		4033C90D24BAE27C000FB960 /* Sources */ = {
			isa = PBXSourcesBuildPhase;
			buildActionMask = 2147483647;
			files = (
				4033C91524BAE27C000FB960 /* AppDelegate.swift in Sources */,
				4033C91724BAE27C000FB960 /* SceneDelegate.swift in Sources */,
				40FBB8A724BAE3AC00D43BC6 /* SignUpViewController.swift in Sources */,
				40FBB8AB24BAE6AB00D43BC6 /* ResetPasswordViewController.swift in Sources */,
				40FBB8A924BAE3BB00D43BC6 /* LoginViewController.swift in Sources */,
				40FBB8A524BAE39200D43BC6 /* HomeViewController.swift in Sources */,
			);
			runOnlyForDeploymentPostprocessing = 0;
		};
		4033C92324BAE27D000FB960 /* Sources */ = {
			isa = PBXSourcesBuildPhase;
			buildActionMask = 2147483647;
			files = (
				4033C92C24BAE27D000FB960 /* firebase_login_sampleTests.swift in Sources */,
			);
			runOnlyForDeploymentPostprocessing = 0;
		};
/* End PBXSourcesBuildPhase section */

/* Begin PBXTargetDependency section */
		4033C92924BAE27D000FB960 /* PBXTargetDependency */ = {
			isa = PBXTargetDependency;
			target = 4033C91024BAE27C000FB960 /* firebase_login_sample */;
			targetProxy = 4033C92824BAE27D000FB960 /* PBXContainerItemProxy */;
		};
/* End PBXTargetDependency section */

/* Begin PBXVariantGroup section */
		4033C91F24BAE27D000FB960 /* LaunchScreen.storyboard */ = {
			isa = PBXVariantGroup;
			children = (
				4033C92024BAE27D000FB960 /* Base */,
			);
			name = LaunchScreen.storyboard;
			sourceTree = "<group>";
		};
/* End PBXVariantGroup section */

/* Begin XCBuildConfiguration section */
		4033C92E24BAE27D000FB960 /* Debug */ = {
			isa = XCBuildConfiguration;
			buildSettings = {
				ALWAYS_SEARCH_USER_PATHS = NO;
				CLANG_ANALYZER_NONNULL = YES;
				CLANG_ANALYZER_NUMBER_OBJECT_CONVERSION = YES_AGGRESSIVE;
				CLANG_CXX_LANGUAGE_STANDARD = "gnu++14";
				CLANG_CXX_LIBRARY = "libc++";
				CLANG_ENABLE_MODULES = YES;
				CLANG_ENABLE_OBJC_ARC = YES;
				CLANG_ENABLE_OBJC_WEAK = YES;
				CLANG_WARN_BLOCK_CAPTURE_AUTORELEASING = YES;
				CLANG_WARN_BOOL_CONVERSION = YES;
				CLANG_WARN_COMMA = YES;
				CLANG_WARN_CONSTANT_CONVERSION = YES;
				CLANG_WARN_DEPRECATED_OBJC_IMPLEMENTATIONS = YES;
				CLANG_WARN_DIRECT_OBJC_ISA_USAGE = YES_ERROR;
				CLANG_WARN_DOCUMENTATION_COMMENTS = YES;
				CLANG_WARN_EMPTY_BODY = YES;
				CLANG_WARN_ENUM_CONVERSION = YES;
				CLANG_WARN_INFINITE_RECURSION = YES;
				CLANG_WARN_INT_CONVERSION = YES;
				CLANG_WARN_NON_LITERAL_NULL_CONVERSION = YES;
				CLANG_WARN_OBJC_IMPLICIT_RETAIN_SELF = YES;
				CLANG_WARN_OBJC_LITERAL_CONVERSION = YES;
				CLANG_WARN_OBJC_ROOT_CLASS = YES_ERROR;
				CLANG_WARN_RANGE_LOOP_ANALYSIS = YES;
				CLANG_WARN_STRICT_PROTOTYPES = YES;
				CLANG_WARN_SUSPICIOUS_MOVE = YES;
				CLANG_WARN_UNGUARDED_AVAILABILITY = YES_AGGRESSIVE;
				CLANG_WARN_UNREACHABLE_CODE = YES;
				CLANG_WARN__DUPLICATE_METHOD_MATCH = YES;
				COPY_PHASE_STRIP = NO;
				DEBUG_INFORMATION_FORMAT = dwarf;
				ENABLE_STRICT_OBJC_MSGSEND = YES;
				ENABLE_TESTABILITY = YES;
				GCC_C_LANGUAGE_STANDARD = gnu11;
				GCC_DYNAMIC_NO_PIC = NO;
				GCC_NO_COMMON_BLOCKS = YES;
				GCC_OPTIMIZATION_LEVEL = 0;
				GCC_PREPROCESSOR_DEFINITIONS = (
					"DEBUG=1",
					"$(inherited)",
				);
				GCC_WARN_64_TO_32_BIT_CONVERSION = YES;
				GCC_WARN_ABOUT_RETURN_TYPE = YES_ERROR;
				GCC_WARN_UNDECLARED_SELECTOR = YES;
				GCC_WARN_UNINITIALIZED_AUTOS = YES_AGGRESSIVE;
				GCC_WARN_UNUSED_FUNCTION = YES;
				GCC_WARN_UNUSED_VARIABLE = YES;
				IPHONEOS_DEPLOYMENT_TARGET = 13.5;
				MTL_ENABLE_DEBUG_INFO = INCLUDE_SOURCE;
				MTL_FAST_MATH = YES;
				ONLY_ACTIVE_ARCH = YES;
				SDKROOT = iphoneos;
				SWIFT_ACTIVE_COMPILATION_CONDITIONS = DEBUG;
				SWIFT_OPTIMIZATION_LEVEL = "-Onone";
			};
			name = Debug;
		};
		4033C92F24BAE27D000FB960 /* Release */ = {
			isa = XCBuildConfiguration;
			buildSettings = {
				ALWAYS_SEARCH_USER_PATHS = NO;
				CLANG_ANALYZER_NONNULL = YES;
				CLANG_ANALYZER_NUMBER_OBJECT_CONVERSION = YES_AGGRESSIVE;
				CLANG_CXX_LANGUAGE_STANDARD = "gnu++14";
				CLANG_CXX_LIBRARY = "libc++";
				CLANG_ENABLE_MODULES = YES;
				CLANG_ENABLE_OBJC_ARC = YES;
				CLANG_ENABLE_OBJC_WEAK = YES;
				CLANG_WARN_BLOCK_CAPTURE_AUTORELEASING = YES;
				CLANG_WARN_BOOL_CONVERSION = YES;
				CLANG_WARN_COMMA = YES;
				CLANG_WARN_CONSTANT_CONVERSION = YES;
				CLANG_WARN_DEPRECATED_OBJC_IMPLEMENTATIONS = YES;
				CLANG_WARN_DIRECT_OBJC_ISA_USAGE = YES_ERROR;
				CLANG_WARN_DOCUMENTATION_COMMENTS = YES;
				CLANG_WARN_EMPTY_BODY = YES;
				CLANG_WARN_ENUM_CONVERSION = YES;
				CLANG_WARN_INFINITE_RECURSION = YES;
				CLANG_WARN_INT_CONVERSION = YES;
				CLANG_WARN_NON_LITERAL_NULL_CONVERSION = YES;
				CLANG_WARN_OBJC_IMPLICIT_RETAIN_SELF = YES;
				CLANG_WARN_OBJC_LITERAL_CONVERSION = YES;
				CLANG_WARN_OBJC_ROOT_CLASS = YES_ERROR;
				CLANG_WARN_RANGE_LOOP_ANALYSIS = YES;
				CLANG_WARN_STRICT_PROTOTYPES = YES;
				CLANG_WARN_SUSPICIOUS_MOVE = YES;
				CLANG_WARN_UNGUARDED_AVAILABILITY = YES_AGGRESSIVE;
				CLANG_WARN_UNREACHABLE_CODE = YES;
				CLANG_WARN__DUPLICATE_METHOD_MATCH = YES;
				COPY_PHASE_STRIP = NO;
				DEBUG_INFORMATION_FORMAT = "dwarf-with-dsym";
				ENABLE_NS_ASSERTIONS = NO;
				ENABLE_STRICT_OBJC_MSGSEND = YES;
				GCC_C_LANGUAGE_STANDARD = gnu11;
				GCC_NO_COMMON_BLOCKS = YES;
				GCC_WARN_64_TO_32_BIT_CONVERSION = YES;
				GCC_WARN_ABOUT_RETURN_TYPE = YES_ERROR;
				GCC_WARN_UNDECLARED_SELECTOR = YES;
				GCC_WARN_UNINITIALIZED_AUTOS = YES_AGGRESSIVE;
				GCC_WARN_UNUSED_FUNCTION = YES;
				GCC_WARN_UNUSED_VARIABLE = YES;
				IPHONEOS_DEPLOYMENT_TARGET = 13.5;
				MTL_ENABLE_DEBUG_INFO = NO;
				MTL_FAST_MATH = YES;
				SDKROOT = iphoneos;
				SWIFT_COMPILATION_MODE = wholemodule;
				SWIFT_OPTIMIZATION_LEVEL = "-O";
				VALIDATE_PRODUCT = YES;
			};
			name = Release;
		};
		4033C93124BAE27D000FB960 /* Debug */ = {
			isa = XCBuildConfiguration;
			baseConfigurationReference = B2C9FBDC4B34ACE397BD64F8 /* Pods-firebase_login_sample.debug.xcconfig */;
			buildSettings = {
				ASSETCATALOG_COMPILER_APPICON_NAME = AppIcon;
				CODE_SIGN_STYLE = Automatic;
				DEVELOPMENT_TEAM = QN8T3L2FUY;
				INFOPLIST_FILE = firebase_login_sample/Info.plist;
				LD_RUNPATH_SEARCH_PATHS = (
					"$(inherited)",
					"@executable_path/Frameworks",
				);
				PRODUCT_BUNDLE_IDENTIFIER = "jp.co.archive-asia.firebase-login-sample";
				PRODUCT_NAME = "$(TARGET_NAME)";
				SWIFT_VERSION = 5.0;
				TARGETED_DEVICE_FAMILY = "1,2";
			};
			name = Debug;
		};
		4033C93224BAE27D000FB960 /* Release */ = {
			isa = XCBuildConfiguration;
			baseConfigurationReference = EF79C01187C6963F9E079939 /* Pods-firebase_login_sample.release.xcconfig */;
			buildSettings = {
				ASSETCATALOG_COMPILER_APPICON_NAME = AppIcon;
				CODE_SIGN_STYLE = Automatic;
				DEVELOPMENT_TEAM = QN8T3L2FUY;
				INFOPLIST_FILE = firebase_login_sample/Info.plist;
				LD_RUNPATH_SEARCH_PATHS = (
					"$(inherited)",
					"@executable_path/Frameworks",
				);
				PRODUCT_BUNDLE_IDENTIFIER = "jp.co.archive-asia.firebase-login-sample";
				PRODUCT_NAME = "$(TARGET_NAME)";
				SWIFT_VERSION = 5.0;
				TARGETED_DEVICE_FAMILY = "1,2";
			};
			name = Release;
		};
		4033C93424BAE27D000FB960 /* Debug */ = {
			isa = XCBuildConfiguration;
			baseConfigurationReference = ABFB3ECCD3FBF557ECD6EE60 /* Pods-firebase_login_sampleTests.debug.xcconfig */;
			buildSettings = {
				ALWAYS_EMBED_SWIFT_STANDARD_LIBRARIES = YES;
				BUNDLE_LOADER = "$(TEST_HOST)";
				CODE_SIGN_STYLE = Automatic;
				DEVELOPMENT_TEAM = QN8T3L2FUY;
				INFOPLIST_FILE = firebase_login_sampleTests/Info.plist;
				IPHONEOS_DEPLOYMENT_TARGET = 13.5;
				LD_RUNPATH_SEARCH_PATHS = (
					"$(inherited)",
					"@executable_path/Frameworks",
					"@loader_path/Frameworks",
				);
				PRODUCT_BUNDLE_IDENTIFIER = "jp.co.archive-asia.firebase-login-sampleTests";
				PRODUCT_NAME = "$(TARGET_NAME)";
				SWIFT_VERSION = 5.0;
				TARGETED_DEVICE_FAMILY = "1,2";
				TEST_HOST = "$(BUILT_PRODUCTS_DIR)/firebase_login_sample.app/firebase_login_sample";
			};
			name = Debug;
		};
		4033C93524BAE27D000FB960 /* Release */ = {
			isa = XCBuildConfiguration;
			baseConfigurationReference = EDF4DCB58C603BA9B21BE5EF /* Pods-firebase_login_sampleTests.release.xcconfig */;
			buildSettings = {
				ALWAYS_EMBED_SWIFT_STANDARD_LIBRARIES = YES;
				BUNDLE_LOADER = "$(TEST_HOST)";
				CODE_SIGN_STYLE = Automatic;
				DEVELOPMENT_TEAM = QN8T3L2FUY;
				INFOPLIST_FILE = firebase_login_sampleTests/Info.plist;
				IPHONEOS_DEPLOYMENT_TARGET = 13.5;
				LD_RUNPATH_SEARCH_PATHS = (
					"$(inherited)",
					"@executable_path/Frameworks",
					"@loader_path/Frameworks",
				);
				PRODUCT_BUNDLE_IDENTIFIER = "jp.co.archive-asia.firebase-login-sampleTests";
				PRODUCT_NAME = "$(TARGET_NAME)";
				SWIFT_VERSION = 5.0;
				TARGETED_DEVICE_FAMILY = "1,2";
				TEST_HOST = "$(BUILT_PRODUCTS_DIR)/firebase_login_sample.app/firebase_login_sample";
			};
			name = Release;
		};
/* End XCBuildConfiguration section */

/* Begin XCConfigurationList section */
		4033C90C24BAE27C000FB960 /* Build configuration list for PBXProject "firebase_login_sample" */ = {
			isa = XCConfigurationList;
			buildConfigurations = (
				4033C92E24BAE27D000FB960 /* Debug */,
				4033C92F24BAE27D000FB960 /* Release */,
			);
			defaultConfigurationIsVisible = 0;
			defaultConfigurationName = Release;
		};
		4033C93024BAE27D000FB960 /* Build configuration list for PBXNativeTarget "firebase_login_sample" */ = {
			isa = XCConfigurationList;
			buildConfigurations = (
				4033C93124BAE27D000FB960 /* Debug */,
				4033C93224BAE27D000FB960 /* Release */,
			);
			defaultConfigurationIsVisible = 0;
			defaultConfigurationName = Release;
		};
		4033C93324BAE27D000FB960 /* Build configuration list for PBXNativeTarget "firebase_login_sampleTests" */ = {
			isa = XCConfigurationList;
			buildConfigurations = (
				4033C93424BAE27D000FB960 /* Debug */,
				4033C93524BAE27D000FB960 /* Release */,
			);
			defaultConfigurationIsVisible = 0;
			defaultConfigurationName = Release;
		};
/* End XCConfigurationList section */
	};
	rootObject = 4033C90924BAE27C000FB960 /* Project object */;
}
